
Microsoft Visual Studio Solution File, Format Version 12.00
# Visual Studio Version 17
VisualStudioVersion = 17.14.36203.30 d17.14
MinimumVisualStudioVersion = 10.0.40219.1
Project("{FAE04EC0-301F-11D3-BF4B-00C04F79EFBC}") = "CalculatorTask", "CalculatorTask.csproj", "{31649916-BB90-430C-AC6C-3919CFF90C7E}"
EndProject
Global
	GlobalSection(SolutionConfigurationPlatforms) = preSolution
		Debug|Any CPU = Debug|Any CPU
		Release|Any CPU = Release|Any CPU
	EndGlobalSection
	GlobalSection(ProjectConfigurationPlatforms) = postSolution
		{31649916-BB90-430C-AC6C-3919CFF90C7E}.Debug|Any CPU.ActiveCfg = Debug|Any CPU
		{31649916-BB90-430C-AC6C-3919CFF90C7E}.Debug|Any CPU.Build.0 = Debug|Any CPU
		{31649916-BB90-430C-AC6C-3919CFF90C7E}.Release|Any CPU.ActiveCfg = Release|Any CPU
		{31649916-BB90-430C-AC6C-3919CFF90C7E}.Release|Any CPU.Build.0 = Release|Any CPU
	EndGlobalSection
	GlobalSection(SolutionProperties) = preSolution
		HideSolutionNode = FALSE
	EndGlobalSection
	GlobalSection(ExtensibilityGlobals) = postSolution
		SolutionGuid = {463CA81D-0857-4147-AAF9-EA5161F791BD}
	EndGlobalSection
EndGlobal
